
Microsoft Visual Studio Solution File, Format Version 12.00
# Visual Studio Version 16
VisualStudioVersion = 16.0.30611.23
MinimumVisualStudioVersion = 10.0.40219.1
Project("{8BC9CEB8-8B4A-11D0-8D11-00A0C91BC942}") = "Sandbox", "Sandbox\Sandbox.vcxproj", "{089A9928-1DC5-4126-A834-16ED5F7879B0}"
EndProject
Project("{8BC9CEB8-8B4A-11D0-8D11-00A0C91BC942}") = "Elusen", "Elusen.vcxproj", "{3478FB09-82C6-4665-AF65-24B51271E024}"
EndProject
Global
	GlobalSection(SolutionConfigurationPlatforms) = preSolution
		Debug|x64 = Debug|x64
		Release|x64 = Release|x64
	EndGlobalSection
	GlobalSection(ProjectConfigurationPlatforms) = postSolution
		{3478FB09-82C6-4665-AF65-24B51271E024}.Debug|x64.ActiveCfg = Debug|x64
		{3478FB09-82C6-4665-AF65-24B51271E024}.Debug|x64.Build.0 = Debug|x64
		{3478FB09-82C6-4665-AF65-24B51271E024}.Release|x64.ActiveCfg = Release|x64
		{3478FB09-82C6-4665-AF65-24B51271E024}.Release|x64.Build.0 = Release|x64
		{089A9928-1DC5-4126-A834-16ED5F7879B0}.Debug|x64.ActiveCfg = Debug|x64
		{089A9928-1DC5-4126-A834-16ED5F7879B0}.Debug|x64.Build.0 = Debug|x64
		{089A9928-1DC5-4126-A834-16ED5F7879B0}.Release|x64.ActiveCfg = Release|x64
		{089A9928-1DC5-4126-A834-16ED5F7879B0}.Release|x64.Build.0 = Release|x64
	EndGlobalSection
	GlobalSection(SolutionProperties) = preSolution
		HideSolutionNode = FALSE
	EndGlobalSection
	GlobalSection(ExtensibilityGlobals) = postSolution
		SolutionGuid = {0D0BC834-BC36-4552-A3AE-3A605324FCD0}
	EndGlobalSection
EndGlobal
