<?xml version="1.0" encoding="utf-8"?>
<Project ToolsVersion="4.0" xmlns="http://schemas.microsoft.com/developer/msbuild/2003">
  <ItemGroup>
    <Filter Include="Elusen">
      <UniqueIdentifier>{916DB7B0-7D0F-E286-66CA-F5DA520B69D7}</UniqueIdentifier>
    </Filter>
    <Filter Include="Elusen\Events">
      <UniqueIdentifier>{550C3A81-C1CC-B5B7-8A07-FF34F686FA93}</UniqueIdentifier>
    </Filter>
  </ItemGroup>
  <ItemGroup>
    <ClInclude Include="src\Elusen.h" />
    <ClInclude Include="src\Elusen\Application.h">
      <Filter>Elusen</Filter>
    </ClInclude>
    <ClInclude Include="src\Elusen\Core.h">
      <Filter>Elusen</Filter>
    </ClInclude>
    <ClInclude Include="src\Elusen\EntryPoint.h">
      <Filter>Elusen</Filter>
    </ClInclude>
    <ClInclude Include="src\Elusen\Events\ApplicationEvent.h">
      <Filter>Elusen\Events</Filter>
    </ClInclude>
    <ClInclude Include="src\Elusen\Events\Event.h">
      <Filter>Elusen\Events</Filter>
    </ClInclude>
    <ClInclude Include="src\Elusen\Events\KeyEvent.h">
      <Filter>Elusen\Events</Filter>
    </ClInclude>
    <ClInclude Include="src\Elusen\Events\MouseEvent.h">
      <Filter>Elusen\Events</Filter>
    </ClInclude>
    <ClInclude Include="src\Elusen\Log.h">
      <Filter>Elusen</Filter>
    </ClInclude>
    <ClInclude Include="src\elpch.h" />
  </ItemGroup>
  <ItemGroup>
    <ClCompile Include="src\Elusen\Application.cpp">
      <Filter>Elusen</Filter>
    </ClCompile>
    <ClCompile Include="src\Elusen\Log.cpp">
      <Filter>Elusen</Filter>
    </ClCompile>
    <ClCompile Include="src\elpch.cpp" />
  </ItemGroup>
</Project>